
Microsoft Visual Studio Solution File, Format Version 12.00
# Visual Studio Version 17
VisualStudioVersion = 17.14.36623.8 d17.14
MinimumVisualStudioVersion = 10.0.40219.1
Project("{FAE04EC0-301F-11D3-BF4B-00C04F79EFBC}") = "1", "HW_2\1.csproj", "{1EBB267F-4F6C-4E30-8A39-03BEF90DE1AB}"
EndProject
Project("{FAE04EC0-301F-11D3-BF4B-00C04F79EFBC}") = "2", "2\2.csproj", "{BEF7A833-28F4-4EC6-AF76-8BAB96B0BEB4}"
EndProject
Project("{FAE04EC0-301F-11D3-BF4B-00C04F79EFBC}") = "3", "3\3.csproj", "{19C55204-5A13-4581-B66C-72BB83C7BEB6}"
EndProject
Project("{FAE04EC0-301F-11D3-BF4B-00C04F79EFBC}") = "4", "4\4.csproj", "{DF744BC6-3052-4D07-A639-9F345F8BA45C}"
EndProject
Project("{FAE04EC0-301F-11D3-BF4B-00C04F79EFBC}") = "5", "5\5.csproj", "{8ADCD715-9146-4B6B-B996-1B1FFE28AEEE}"
EndProject
Project("{FAE04EC0-301F-11D3-BF4B-00C04F79EFBC}") = "6", "6\6.csproj", "{08522BA2-C9BC-4FB7-8DE6-384887D14ECC}"
EndProject
Project("{FAE04EC0-301F-11D3-BF4B-00C04F79EFBC}") = "7", "7\7.csproj", "{E109B676-BA81-40C8-B4AE-19422F11F422}"
EndProject
Project("{FAE04EC0-301F-11D3-BF4B-00C04F79EFBC}") = "8", "8\8.csproj", "{C18266ED-4987-43A4-ADE5-95677DC0EC35}"
EndProject
Project("{FAE04EC0-301F-11D3-BF4B-00C04F79EFBC}") = "9", "9\9.csproj", "{D420DA7B-72A2-4A1F-9BF7-4C62EAD8AC95}"
EndProject
Project("{FAE04EC0-301F-11D3-BF4B-00C04F79EFBC}") = "10", "10\10.csproj", "{B0DE5474-424F-429A-A6AF-C2AB077D8A9F}"
EndProject
Global
	GlobalSection(SolutionConfigurationPlatforms) = preSolution
		Debug|Any CPU = Debug|Any CPU
		Release|Any CPU = Release|Any CPU
	EndGlobalSection
	GlobalSection(ProjectConfigurationPlatforms) = postSolution
		{1EBB267F-4F6C-4E30-8A39-03BEF90DE1AB}.Debug|Any CPU.ActiveCfg = Debug|Any CPU
		{1EBB267F-4F6C-4E30-8A39-03BEF90DE1AB}.Debug|Any CPU.Build.0 = Debug|Any CPU
		{1EBB267F-4F6C-4E30-8A39-03BEF90DE1AB}.Release|Any CPU.ActiveCfg = Release|Any CPU
		{1EBB267F-4F6C-4E30-8A39-03BEF90DE1AB}.Release|Any CPU.Build.0 = Release|Any CPU
		{BEF7A833-28F4-4EC6-AF76-8BAB96B0BEB4}.Debug|Any CPU.ActiveCfg = Debug|Any CPU
		{BEF7A833-28F4-4EC6-AF76-8BAB96B0BEB4}.Debug|Any CPU.Build.0 = Debug|Any CPU
		{BEF7A833-28F4-4EC6-AF76-8BAB96B0BEB4}.Release|Any CPU.ActiveCfg = Release|Any CPU
		{BEF7A833-28F4-4EC6-AF76-8BAB96B0BEB4}.Release|Any CPU.Build.0 = Release|Any CPU
		{19C55204-5A13-4581-B66C-72BB83C7BEB6}.Debug|Any CPU.ActiveCfg = Debug|Any CPU
		{19C55204-5A13-4581-B66C-72BB83C7BEB6}.Debug|Any CPU.Build.0 = Debug|Any CPU
		{19C55204-5A13-4581-B66C-72BB83C7BEB6}.Release|Any CPU.ActiveCfg = Release|Any CPU
		{19C55204-5A13-4581-B66C-72BB83C7BEB6}.Release|Any CPU.Build.0 = Release|Any CPU
		{DF744BC6-3052-4D07-A639-9F345F8BA45C}.Debug|Any CPU.ActiveCfg = Debug|Any CPU
		{DF744BC6-3052-4D07-A639-9F345F8BA45C}.Debug|Any CPU.Build.0 = Debug|Any CPU
		{DF744BC6-3052-4D07-A639-9F345F8BA45C}.Release|Any CPU.ActiveCfg = Release|Any CPU
		{DF744BC6-3052-4D07-A639-9F345F8BA45C}.Release|Any CPU.Build.0 = Release|Any CPU
		{8ADCD715-9146-4B6B-B996-1B1FFE28AEEE}.Debug|Any CPU.ActiveCfg = Debug|Any CPU
		{8ADCD715-9146-4B6B-B996-1B1FFE28AEEE}.Debug|Any CPU.Build.0 = Debug|Any CPU
		{8ADCD715-9146-4B6B-B996-1B1FFE28AEEE}.Release|Any CPU.ActiveCfg = Release|Any CPU
		{8ADCD715-9146-4B6B-B996-1B1FFE28AEEE}.Release|Any CPU.Build.0 = Release|Any CPU
		{08522BA2-C9BC-4FB7-8DE6-384887D14ECC}.Debug|Any CPU.ActiveCfg = Debug|Any CPU
		{08522BA2-C9BC-4FB7-8DE6-384887D14ECC}.Debug|Any CPU.Build.0 = Debug|Any CPU
		{08522BA2-C9BC-4FB7-8DE6-384887D14ECC}.Release|Any CPU.ActiveCfg = Release|Any CPU
		{08522BA2-C9BC-4FB7-8DE6-384887D14ECC}.Release|Any CPU.Build.0 = Release|Any CPU
		{E109B676-BA81-40C8-B4AE-19422F11F422}.Debug|Any CPU.ActiveCfg = Debug|Any CPU
		{E109B676-BA81-40C8-B4AE-19422F11F422}.Debug|Any CPU.Build.0 = Debug|Any CPU
		{E109B676-BA81-40C8-B4AE-19422F11F422}.Release|Any CPU.ActiveCfg = Release|Any CPU
		{E109B676-BA81-40C8-B4AE-19422F11F422}.Release|Any CPU.Build.0 = Release|Any CPU
		{C18266ED-4987-43A4-ADE5-95677DC0EC35}.Debug|Any CPU.ActiveCfg = Debug|Any CPU
		{C18266ED-4987-43A4-ADE5-95677DC0EC35}.Debug|Any CPU.Build.0 = Debug|Any CPU
		{C18266ED-4987-43A4-ADE5-95677DC0EC35}.Release|Any CPU.ActiveCfg = Release|Any CPU
		{C18266ED-4987-43A4-ADE5-95677DC0EC35}.Release|Any CPU.Build.0 = Release|Any CPU
		{D420DA7B-72A2-4A1F-9BF7-4C62EAD8AC95}.Debug|Any CPU.ActiveCfg = Debug|Any CPU
		{D420DA7B-72A2-4A1F-9BF7-4C62EAD8AC95}.Debug|Any CPU.Build.0 = Debug|Any CPU
		{D420DA7B-72A2-4A1F-9BF7-4C62EAD8AC95}.Release|Any CPU.ActiveCfg = Release|Any CPU
		{D420DA7B-72A2-4A1F-9BF7-4C62EAD8AC95}.Release|Any CPU.Build.0 = Release|Any CPU
		{B0DE5474-424F-429A-A6AF-C2AB077D8A9F}.Debug|Any CPU.ActiveCfg = Debug|Any CPU
		{B0DE5474-424F-429A-A6AF-C2AB077D8A9F}.Debug|Any CPU.Build.0 = Debug|Any CPU
		{B0DE5474-424F-429A-A6AF-C2AB077D8A9F}.Release|Any CPU.ActiveCfg = Release|Any CPU
		{B0DE5474-424F-429A-A6AF-C2AB077D8A9F}.Release|Any CPU.Build.0 = Release|Any CPU
	EndGlobalSection
	GlobalSection(SolutionProperties) = preSolution
		HideSolutionNode = FALSE
	EndGlobalSection
	GlobalSection(ExtensibilityGlobals) = postSolution
		SolutionGuid = {0364DBB7-6F8E-49E0-BD07-AE7D86F70464}
	EndGlobalSection
EndGlobal
