
Microsoft Visual Studio Solution File, Format Version 12.00
# Visual Studio Version 17
VisualStudioVersion = 17.14.36623.8 d17.14
MinimumVisualStudioVersion = 10.0.40219.1
Project("{FAE04EC0-301F-11D3-BF4B-00C04F79EFBC}") = "1", "HW_2\1.csproj", "{1EBB267F-4F6C-4E30-8A39-03BEF90DE1AB}"
EndProject
Project("{FAE04EC0-301F-11D3-BF4B-00C04F79EFBC}") = "2", "2\2.csproj", "{BEF7A833-28F4-4EC6-AF76-8BAB96B0BEB4}"
EndProject
Project("{FAE04EC0-301F-11D3-BF4B-00C04F79EFBC}") = "3", "3\3.csproj", "{19C55204-5A13-4581-B66C-72BB83C7BEB6}"
EndProject
Project("{FAE04EC0-301F-11D3-BF4B-00C04F79EFBC}") = "4", "4\4.csproj", "{DF744BC6-3052-4D07-A639-9F345F8BA45C}"
EndProject
Project("{FAE04EC0-301F-11D3-BF4B-00C04F79EFBC}") = "5", "5\5.csproj", "{8ADCD715-9146-4B6B-B996-1B1FFE28AEEE}"
EndProject
Global
	GlobalSection(SolutionConfigurationPlatforms) = preSolution
		Debug|Any CPU = Debug|Any CPU
		Release|Any CPU = Release|Any CPU
	EndGlobalSection
	GlobalSection(ProjectConfigurationPlatforms) = postSolution
		{1EBB267F-4F6C-4E30-8A39-03BEF90DE1AB}.Debug|Any CPU.ActiveCfg = Debug|Any CPU
		{1EBB267F-4F6C-4E30-8A39-03BEF90DE1AB}.Debug|Any CPU.Build.0 = Debug|Any CPU
		{1EBB267F-4F6C-4E30-8A39-03BEF90DE1AB}.Release|Any CPU.ActiveCfg = Release|Any CPU
		{1EBB267F-4F6C-4E30-8A39-03BEF90DE1AB}.Release|Any CPU.Build.0 = Release|Any CPU
		{BEF7A833-28F4-4EC6-AF76-8BAB96B0BEB4}.Debug|Any CPU.ActiveCfg = Debug|Any CPU
		{BEF7A833-28F4-4EC6-AF76-8BAB96B0BEB4}.Debug|Any CPU.Build.0 = Debug|Any CPU
		{BEF7A833-28F4-4EC6-AF76-8BAB96B0BEB4}.Release|Any CPU.ActiveCfg = Release|Any CPU
		{BEF7A833-28F4-4EC6-AF76-8BAB96B0BEB4}.Release|Any CPU.Build.0 = Release|Any CPU
		{19C55204-5A13-4581-B66C-72BB83C7BEB6}.Debug|Any CPU.ActiveCfg = Debug|Any CPU
		{19C55204-5A13-4581-B66C-72BB83C7BEB6}.Debug|Any CPU.Build.0 = Debug|Any CPU
		{19C55204-5A13-4581-B66C-72BB83C7BEB6}.Release|Any CPU.ActiveCfg = Release|Any CPU
		{19C55204-5A13-4581-B66C-72BB83C7BEB6}.Release|Any CPU.Build.0 = Release|Any CPU
		{DF744BC6-3052-4D07-A639-9F345F8BA45C}.Debug|Any CPU.ActiveCfg = Debug|Any CPU
		{DF744BC6-3052-4D07-A639-9F345F8BA45C}.Debug|Any CPU.Build.0 = Debug|Any CPU
		{DF744BC6-3052-4D07-A639-9F345F8BA45C}.Release|Any CPU.ActiveCfg = Release|Any CPU
		{DF744BC6-3052-4D07-A639-9F345F8BA45C}.Release|Any CPU.Build.0 = Release|Any CPU
		{8ADCD715-9146-4B6B-B996-1B1FFE28AEEE}.Debug|Any CPU.ActiveCfg = Debug|Any CPU
		{8ADCD715-9146-4B6B-B996-1B1FFE28AEEE}.Debug|Any CPU.Build.0 = Debug|Any CPU
		{8ADCD715-9146-4B6B-B996-1B1FFE28AEEE}.Release|Any CPU.ActiveCfg = Release|Any CPU
		{8ADCD715-9146-4B6B-B996-1B1FFE28AEEE}.Release|Any CPU.Build.0 = Release|Any CPU
	EndGlobalSection
	GlobalSection(SolutionProperties) = preSolution
		HideSolutionNode = FALSE
	EndGlobalSection
	GlobalSection(ExtensibilityGlobals) = postSolution
		SolutionGuid = {0364DBB7-6F8E-49E0-BD07-AE7D86F70464}
	EndGlobalSection
EndGlobal
